
Microsoft Visual Studio Solution File, Format Version 9.00
# Visual Studio 2005
Project("{9344BDBB-3E7F-41FC-A0DD-8665D75EE146}") = "Packages", "Packages.mdproj", "{89F9C2F2-9AE4-4B64-B73A-ECD524CEC837}"
EndProject
Global
	GlobalSection(SolutionConfigurationPlatforms) = preSolution
	EndGlobalSection
	GlobalSection(ProjectConfigurationPlatforms) = postSolution
	EndGlobalSection
	GlobalSection(MonoDevelopProperties) = preSolution
		StartupItem = Packages.mdproj
	EndGlobalSection
EndGlobal
