
Microsoft Visual Studio Solution File, Format Version 9.00
# Visual Studio 2005
Project("{FAE04EC0-301F-11D3-BF4B-00C04F79EFBC}") = "fileparser-sharp", "fileparser-sharp\fileparser-sharp.csproj", "{84568CB1-DAE0-4D3F-8071-96F927BAE25B}"
EndProject
Project("{9344bdbb-3e7f-41fc-a0dd-8665d75ee146}") = "Packages", "Packages.mdproj", "{89F9C2F2-9AE4-4B64-B73A-ECD524CEC837}"
EndProject
Global
	GlobalSection(SolutionConfigurationPlatforms) = preSolution
		Debug|Any CPU = Debug|Any CPU
		Release|Any CPU = Release|Any CPU
	EndGlobalSection
	GlobalSection(ProjectConfigurationPlatforms) = postSolution
		{84568CB1-DAE0-4D3F-8071-96F927BAE25B}.Debug|Any CPU.ActiveCfg = Debug|Any CPU
		{84568CB1-DAE0-4D3F-8071-96F927BAE25B}.Debug|Any CPU.Build.0 = Debug|Any CPU
		{84568CB1-DAE0-4D3F-8071-96F927BAE25B}.Release|Any CPU.ActiveCfg = Release|Any CPU
		{84568CB1-DAE0-4D3F-8071-96F927BAE25B}.Release|Any CPU.Build.0 = Release|Any CPU
		{89F9C2F2-9AE4-4B64-B73A-ECD524CEC837}.Debug|Any CPU.ActiveCfg = Debug|Any CPU
		{89F9C2F2-9AE4-4B64-B73A-ECD524CEC837}.Debug|Any CPU.Build.0 = Debug|Any CPU
		{89F9C2F2-9AE4-4B64-B73A-ECD524CEC837}.Release|Any CPU.ActiveCfg = Release|Any CPU
		{89F9C2F2-9AE4-4B64-B73A-ECD524CEC837}.Release|Any CPU.Build.0 = Release|Any CPU
	EndGlobalSection
	GlobalSection(MonoDevelopProperties) = preSolution
		StartupItem = fileparser-sharp\fileparser-sharp.csproj
	EndGlobalSection
EndGlobal
